{
  "object": {
    "pins": [
      {
        "package": "AnyCodable",
        "repositoryURL": "https://github.com/Flight-School/AnyCodable",
        "state": {
          "branch": null,
          "revision": "69261f239f0fffaf51495dadc4f8483fbfe97025",
          "version": "0.6.1"
        }
      },
      {
        "package": "JSONRPC",
        "repositoryURL": "https://github.com/ChimeHQ/JSONRPC",
        "state": {
          "branch": null,
          "revision": "a8b0cc6ef216ed8deb8868a132b99ee7b07f4104",
          "version": "0.2.0"
        }
      },
      {
        "package": "NullCodable",
        "repositoryURL": "https://github.com/g-mark/NullCodable",
        "state": {
          "branch": null,
          "revision": "dcdda8a5b079827f65e283ab7c29d5caae4caf89",
          "version": "1.1.0"
        }
      }
    ]
  },
  "version": 1
}
